
Microsoft Visual Studio Solution File, Format Version 9.00
# Visual Studio 2005
# Clarion 2.1.0.2447
Project("{12B76EC0-1D7B-4FA7-A7D0-C524288B48A1}") = "GenericRefs", "GenericRefs.cwproj", "{FD990880-94CC-4B84-B014-BA11A3B98EA9}"
EndProject
Global
	GlobalSection(SolutionConfigurationPlatforms) = preSolution
		Debug|Win32 = Debug|Win32
		Release|Win32 = Release|Win32
	EndGlobalSection
	GlobalSection(ProjectConfigurationPlatforms) = postSolution
		{FD990880-94CC-4B84-B014-BA11A3B98EA9}.Debug|Win32.Build.0 = Debug|Win32
		{FD990880-94CC-4B84-B014-BA11A3B98EA9}.Debug|Win32.ActiveCfg = Debug|Win32
		{FD990880-94CC-4B84-B014-BA11A3B98EA9}.Release|Win32.Build.0 = Release|Win32
		{FD990880-94CC-4B84-B014-BA11A3B98EA9}.Release|Win32.ActiveCfg = Release|Win32
	EndGlobalSection
EndGlobal
